
Microsoft Visual Studio Solution File, Format Version 12.00
# Visual Studio Version 17
VisualStudioVersion = 17.13.35931.197 d17.13
MinimumVisualStudioVersion = 10.0.40219.1
Project("{FAE04EC0-301F-11D3-BF4B-00C04F79EFBC}") = "HangarShip", "HangarShip\HangarShip.csproj", "{2E09DA81-A53C-4A57-AFC2-808734DC3FB0}"
EndProject
Global
	GlobalSection(SolutionConfigurationPlatforms) = preSolution
		Debug|Any CPU = Debug|Any CPU
		Release|Any CPU = Release|Any CPU
	EndGlobalSection
	GlobalSection(ProjectConfigurationPlatforms) = postSolution
		{2E09DA81-A53C-4A57-AFC2-808734DC3FB0}.Debug|Any CPU.ActiveCfg = Debug|Any CPU
		{2E09DA81-A53C-4A57-AFC2-808734DC3FB0}.Debug|Any CPU.Build.0 = Debug|Any CPU
		{2E09DA81-A53C-4A57-AFC2-808734DC3FB0}.Release|Any CPU.ActiveCfg = Release|Any CPU
		{2E09DA81-A53C-4A57-AFC2-808734DC3FB0}.Release|Any CPU.Build.0 = Release|Any CPU
	EndGlobalSection
	GlobalSection(SolutionProperties) = preSolution
		HideSolutionNode = FALSE
	EndGlobalSection
	GlobalSection(ExtensibilityGlobals) = postSolution
		SolutionGuid = {6DDE4799-FC73-4852-86F5-50E8B023E330}
	EndGlobalSection
EndGlobal
